{
  "pins" : [
    {
      "identity" : "bitmovin-analytics-collector-ios",
      "kind" : "remoteSourceControl",
      "location" : "https://github.com/bitmovin/bitmovin-analytics-collector-ios.git",
      "state" : {
        "revision" : "4b7de32000ee7ebd9696aeece348283d14ebe061",
        "version" : "3.1.2"
      }
    },
    {
      "identity" : "player-ios",
      "kind" : "remoteSourceControl",
      "location" : "https://github.com/bitmovin/player-ios.git",
      "state" : {
        "revision" : "500fce2f9b9369ad2c3f81706df292e866fe21af",
        "version" : "3.47.0"
      }
    },
    {
      "identity" : "player-ios-core",
      "kind" : "remoteSourceControl",
      "location" : "https://github.com/bitmovin/player-ios-core.git",
      "state" : {
        "revision" : "e6d745ae719464f2bb8e99568cbe13b0d4c27f77",
        "version" : "3.47.0"
      }
    }
  ],
  "version" : 2
}
