PODS:
  - BitmovinAnalyticsCollector/BitmovinPlayer (2.9.2):
    - BitmovinAnalyticsCollector/Core
    - BitmovinPlayer (~> 3.0)
  - BitmovinAnalyticsCollector/Core (2.9.2)
  - BitmovinPlayer (3.9.2)
  - boost (1.76.0)
  - DoubleConversion (1.1.6)
  - FBLazyVector (0.68.2-0)
  - FBReactNativeSpec (0.68.2-0):
    - RCT-Folly (= 2021.06.28.00-v2)
    - RCTRequired (= 0.68.2-0)
    - RCTTypeSafety (= 0.68.2-0)
    - React-Core (= 0.68.2-0)
    - React-jsi (= 0.68.2-0)
    - ReactCommon/turbomodule/core (= 0.68.2-0)
  - fmt (7.1.3)
  - glog (0.3.5)
  - libwebp (1.2.4):
    - libwebp/demux (= 1.2.4)
    - libwebp/mux (= 1.2.4)
    - libwebp/webp (= 1.2.4)
  - libwebp/demux (1.2.4):
    - libwebp/webp
  - libwebp/mux (1.2.4):
    - libwebp/demux
  - libwebp/webp (1.2.4)
  - RCT-Folly (2021.06.28.00-v2):
    - boost
    - DoubleConversion
    - fmt
    - glog
    - RCT-Folly/Default (= 2021.06.28.00-v2)
  - RCT-Folly/Default (2021.06.28.00-v2):
    - boost
    - DoubleConversion
    - fmt
    - glog
  - RCTRequired (0.68.2-0)
  - RCTTypeSafety (0.68.2-0):
    - FBLazyVector (= 0.68.2-0)
    - RCT-Folly (= 2021.06.28.00-v2)
    - RCTRequired (= 0.68.2-0)
    - React-Core (= 0.68.2-0)
  - React (0.68.2-0):
    - React-Core (= 0.68.2-0)
    - React-Core/DevSupport (= 0.68.2-0)
    - React-Core/RCTWebSocket (= 0.68.2-0)
    - React-RCTAnimation (= 0.68.2-0)
    - React-RCTBlob (= 0.68.2-0)
    - React-RCTImage (= 0.68.2-0)
    - React-RCTLinking (= 0.68.2-0)
    - React-RCTNetwork (= 0.68.2-0)
    - React-RCTSettings (= 0.68.2-0)
    - React-RCTText (= 0.68.2-0)
  - React-callinvoker (0.68.2-0)
  - React-Codegen (0.68.2-0):
    - FBReactNativeSpec (= 0.68.2-0)
    - RCT-Folly (= 2021.06.28.00-v2)
    - RCTRequired (= 0.68.2-0)
    - RCTTypeSafety (= 0.68.2-0)
    - React-Core (= 0.68.2-0)
    - React-jsi (= 0.68.2-0)
    - React-jsiexecutor (= 0.68.2-0)
    - ReactCommon/turbomodule/core (= 0.68.2-0)
  - React-Core (0.68.2-0):
    - glog
    - RCT-Folly (= 2021.06.28.00-v2)
    - React-Core/Default (= 0.68.2-0)
    - React-cxxreact (= 0.68.2-0)
    - React-jsi (= 0.68.2-0)
    - React-jsiexecutor (= 0.68.2-0)
    - React-perflogger (= 0.68.2-0)
    - Yoga
  - React-Core/CoreModulesHeaders (0.68.2-0):
    - glog
    - RCT-Folly (= 2021.06.28.00-v2)
    - React-Core/Default
    - React-cxxreact (= 0.68.2-0)
    - React-jsi (= 0.68.2-0)
    - React-jsiexecutor (= 0.68.2-0)
    - React-perflogger (= 0.68.2-0)
    - Yoga
  - React-Core/Default (0.68.2-0):
    - glog
    - RCT-Folly (= 2021.06.28.00-v2)
    - React-cxxreact (= 0.68.2-0)
    - React-jsi (= 0.68.2-0)
    - React-jsiexecutor (= 0.68.2-0)
    - React-perflogger (= 0.68.2-0)
    - Yoga
  - React-Core/DevSupport (0.68.2-0):
    - glog
    - RCT-Folly (= 2021.06.28.00-v2)
    - React-Core/Default (= 0.68.2-0)
    - React-Core/RCTWebSocket (= 0.68.2-0)
    - React-cxxreact (= 0.68.2-0)
    - React-jsi (= 0.68.2-0)
    - React-jsiexecutor (= 0.68.2-0)
    - React-jsinspector (= 0.68.2-0)
    - React-perflogger (= 0.68.2-0)
    - Yoga
  - React-Core/RCTAnimationHeaders (0.68.2-0):
    - glog
    - RCT-Folly (= 2021.06.28.00-v2)
    - React-Core/Default
    - React-cxxreact (= 0.68.2-0)
    - React-jsi (= 0.68.2-0)
    - React-jsiexecutor (= 0.68.2-0)
    - React-perflogger (= 0.68.2-0)
    - Yoga
  - React-Core/RCTBlobHeaders (0.68.2-0):
    - glog
    - RCT-Folly (= 2021.06.28.00-v2)
    - React-Core/Default
    - React-cxxreact (= 0.68.2-0)
    - React-jsi (= 0.68.2-0)
    - React-jsiexecutor (= 0.68.2-0)
    - React-perflogger (= 0.68.2-0)
    - Yoga
  - React-Core/RCTImageHeaders (0.68.2-0):
    - glog
    - RCT-Folly (= 2021.06.28.00-v2)
    - React-Core/Default
    - React-cxxreact (= 0.68.2-0)
    - React-jsi (= 0.68.2-0)
    - React-jsiexecutor (= 0.68.2-0)
    - React-perflogger (= 0.68.2-0)
    - Yoga
  - React-Core/RCTLinkingHeaders (0.68.2-0):
    - glog
    - RCT-Folly (= 2021.06.28.00-v2)
    - React-Core/Default
    - React-cxxreact (= 0.68.2-0)
    - React-jsi (= 0.68.2-0)
    - React-jsiexecutor (= 0.68.2-0)
    - React-perflogger (= 0.68.2-0)
    - Yoga
  - React-Core/RCTNetworkHeaders (0.68.2-0):
    - glog
    - RCT-Folly (= 2021.06.28.00-v2)
    - React-Core/Default
    - React-cxxreact (= 0.68.2-0)
    - React-jsi (= 0.68.2-0)
    - React-jsiexecutor (= 0.68.2-0)
    - React-perflogger (= 0.68.2-0)
    - Yoga
  - React-Core/RCTSettingsHeaders (0.68.2-0):
    - glog
    - RCT-Folly (= 2021.06.28.00-v2)
    - React-Core/Default
    - React-cxxreact (= 0.68.2-0)
    - React-jsi (= 0.68.2-0)
    - React-jsiexecutor (= 0.68.2-0)
    - React-perflogger (= 0.68.2-0)
    - Yoga
  - React-Core/RCTTextHeaders (0.68.2-0):
    - glog
    - RCT-Folly (= 2021.06.28.00-v2)
    - React-Core/Default
    - React-cxxreact (= 0.68.2-0)
    - React-jsi (= 0.68.2-0)
    - React-jsiexecutor (= 0.68.2-0)
    - React-perflogger (= 0.68.2-0)
    - Yoga
  - React-Core/RCTWebSocket (0.68.2-0):
    - glog
    - RCT-Folly (= 2021.06.28.00-v2)
    - React-Core/Default (= 0.68.2-0)
    - React-cxxreact (= 0.68.2-0)
    - React-jsi (= 0.68.2-0)
    - React-jsiexecutor (= 0.68.2-0)
    - React-perflogger (= 0.68.2-0)
    - Yoga
  - React-CoreModules (0.68.2-0):
    - RCT-Folly (= 2021.06.28.00-v2)
    - RCTTypeSafety (= 0.68.2-0)
    - React-Codegen (= 0.68.2-0)
    - React-Core/CoreModulesHeaders (= 0.68.2-0)
    - React-jsi (= 0.68.2-0)
    - React-RCTImage (= 0.68.2-0)
    - ReactCommon/turbomodule/core (= 0.68.2-0)
  - React-cxxreact (0.68.2-0):
    - boost (= 1.76.0)
    - DoubleConversion
    - glog
    - RCT-Folly (= 2021.06.28.00-v2)
    - React-callinvoker (= 0.68.2-0)
    - React-jsi (= 0.68.2-0)
    - React-jsinspector (= 0.68.2-0)
    - React-logger (= 0.68.2-0)
    - React-perflogger (= 0.68.2-0)
    - React-runtimeexecutor (= 0.68.2-0)
  - React-jsi (0.68.2-0):
    - boost (= 1.76.0)
    - DoubleConversion
    - glog
    - RCT-Folly (= 2021.06.28.00-v2)
    - React-jsi/Default (= 0.68.2-0)
  - React-jsi/Default (0.68.2-0):
    - boost (= 1.76.0)
    - DoubleConversion
    - glog
    - RCT-Folly (= 2021.06.28.00-v2)
  - React-jsiexecutor (0.68.2-0):
    - DoubleConversion
    - glog
    - RCT-Folly (= 2021.06.28.00-v2)
    - React-cxxreact (= 0.68.2-0)
    - React-jsi (= 0.68.2-0)
    - React-perflogger (= 0.68.2-0)
  - React-jsinspector (0.68.2-0)
  - React-logger (0.68.2-0):
    - glog
  - react-native-flipper (0.155.0):
    - React-Core
  - react-native-safe-area-context (4.4.1):
    - RCT-Folly
    - RCTRequired
    - RCTTypeSafety
    - React-Core
    - ReactCommon/turbomodule/core
  - React-perflogger (0.68.2-0)
  - React-RCTAnimation (0.68.2-0):
    - RCT-Folly (= 2021.06.28.00-v2)
    - RCTTypeSafety (= 0.68.2-0)
    - React-Codegen (= 0.68.2-0)
    - React-Core/RCTAnimationHeaders (= 0.68.2-0)
    - React-jsi (= 0.68.2-0)
    - ReactCommon/turbomodule/core (= 0.68.2-0)
  - React-RCTBlob (0.68.2-0):
    - RCT-Folly (= 2021.06.28.00-v2)
    - React-Codegen (= 0.68.2-0)
    - React-Core/RCTBlobHeaders (= 0.68.2-0)
    - React-Core/RCTWebSocket (= 0.68.2-0)
    - React-jsi (= 0.68.2-0)
    - React-RCTNetwork (= 0.68.2-0)
    - ReactCommon/turbomodule/core (= 0.68.2-0)
  - React-RCTImage (0.68.2-0):
    - RCT-Folly (= 2021.06.28.00-v2)
    - RCTTypeSafety (= 0.68.2-0)
    - React-Codegen (= 0.68.2-0)
    - React-Core/RCTImageHeaders (= 0.68.2-0)
    - React-jsi (= 0.68.2-0)
    - React-RCTNetwork (= 0.68.2-0)
    - ReactCommon/turbomodule/core (= 0.68.2-0)
  - React-RCTLinking (0.68.2-0):
    - React-Codegen (= 0.68.2-0)
    - React-Core/RCTLinkingHeaders (= 0.68.2-0)
    - React-jsi (= 0.68.2-0)
    - ReactCommon/turbomodule/core (= 0.68.2-0)
  - React-RCTNetwork (0.68.2-0):
    - RCT-Folly (= 2021.06.28.00-v2)
    - RCTTypeSafety (= 0.68.2-0)
    - React-Codegen (= 0.68.2-0)
    - React-Core/RCTNetworkHeaders (= 0.68.2-0)
    - React-jsi (= 0.68.2-0)
    - ReactCommon/turbomodule/core (= 0.68.2-0)
  - React-RCTSettings (0.68.2-0):
    - RCT-Folly (= 2021.06.28.00-v2)
    - RCTTypeSafety (= 0.68.2-0)
    - React-Codegen (= 0.68.2-0)
    - React-Core/RCTSettingsHeaders (= 0.68.2-0)
    - React-jsi (= 0.68.2-0)
    - ReactCommon/turbomodule/core (= 0.68.2-0)
  - React-RCTText (0.68.2-0):
    - React-Core/RCTTextHeaders (= 0.68.2-0)
  - React-runtimeexecutor (0.68.2-0):
    - React-jsi (= 0.68.2-0)
  - ReactCommon/turbomodule/core (0.68.2-0):
    - DoubleConversion
    - glog
    - RCT-Folly (= 2021.06.28.00-v2)
    - React-callinvoker (= 0.68.2-0)
    - React-Core (= 0.68.2-0)
    - React-cxxreact (= 0.68.2-0)
    - React-jsi (= 0.68.2-0)
    - React-logger (= 0.68.2-0)
    - React-perflogger (= 0.68.2-0)
  - RNBootSplash (4.3.2):
    - React-Core
  - RNCAsyncStorage (1.17.10):
    - React-Core
  - RNDeviceInfo (10.3.0):
    - React-Core
  - RNFastImage (8.6.3):
    - React-Core
    - SDWebImage (~> 5.11.1)
    - SDWebImageWebPCoder (~> 0.8.4)
  - RNGestureHandler (2.8.0):
    - React-Core
  - RNReanimated (2.8.0):
    - DoubleConversion
    - FBLazyVector
    - FBReactNativeSpec
    - glog
    - RCT-Folly
    - RCTRequired
    - RCTTypeSafety
    - React-callinvoker
    - React-Core
    - React-Core/DevSupport
    - React-Core/RCTWebSocket
    - React-CoreModules
    - React-cxxreact
    - React-jsi
    - React-jsiexecutor
    - React-jsinspector
    - React-RCTAnimation
    - React-RCTBlob
    - React-RCTImage
    - React-RCTLinking
    - React-RCTNetwork
    - React-RCTSettings
    - React-RCTText
    - ReactCommon/turbomodule/core
    - Yoga
  - RNScreens (3.18.2):
    - React-Core
    - React-RCTImage
  - RNSentry (4.8.0):
    - React-Core
    - Sentry (= 7.29.0)
  - RNSVG (12.4.4):
    - React-Core
  - SDWebImage (5.11.1):
    - SDWebImage/Core (= 5.11.1)
  - SDWebImage/Core (5.11.1)
  - SDWebImageWebPCoder (0.8.5):
    - libwebp (~> 1.0)
    - SDWebImage/Core (~> 5.10)
  - Sentry (7.29.0):
    - Sentry/Core (= 7.29.0)
  - Sentry/Core (7.29.0)
  - Yoga (1.14.0)

DEPENDENCIES:
  - BitmovinAnalyticsCollector/BitmovinPlayer (= 2.9.2)
  - BitmovinAnalyticsCollector/Core (= 2.9.2)
  - BitmovinPlayer (= 3.9.2)
  - boost (from `../node_modules/react-native/third-party-podspecs/boost.podspec`)
  - DoubleConversion (from `../node_modules/react-native/third-party-podspecs/DoubleConversion.podspec`)
  - FBLazyVector (from `../node_modules/react-native/Libraries/FBLazyVector`)
  - FBReactNativeSpec (from `../node_modules/react-native/React/FBReactNativeSpec`)
  - fmt (from `../node_modules/react-native/third-party-podspecs/fmt.podspec`)
  - glog (from `../node_modules/react-native/third-party-podspecs/glog.podspec`)
  - RCT-Folly (from `../node_modules/react-native/third-party-podspecs/RCT-Folly.podspec`)
  - RCTRequired (from `../node_modules/react-native/Libraries/RCTRequired`)
  - RCTTypeSafety (from `../node_modules/react-native/Libraries/TypeSafety`)
  - React (from `../node_modules/react-native/`)
  - React-callinvoker (from `../node_modules/react-native/ReactCommon/callinvoker`)
  - React-Codegen (from `build/generated/ios`)
  - React-Core (from `../node_modules/react-native/`)
  - React-Core/DevSupport (from `../node_modules/react-native/`)
  - React-Core/RCTWebSocket (from `../node_modules/react-native/`)
  - React-CoreModules (from `../node_modules/react-native/React/CoreModules`)
  - React-cxxreact (from `../node_modules/react-native/ReactCommon/cxxreact`)
  - React-jsi (from `../node_modules/react-native/ReactCommon/jsi`)
  - React-jsiexecutor (from `../node_modules/react-native/ReactCommon/jsiexecutor`)
  - React-jsinspector (from `../node_modules/react-native/ReactCommon/jsinspector`)
  - React-logger (from `../node_modules/react-native/ReactCommon/logger`)
  - react-native-flipper (from `../node_modules/react-native-flipper`)
  - react-native-safe-area-context (from `../node_modules/react-native-safe-area-context`)
  - React-perflogger (from `../node_modules/react-native/ReactCommon/reactperflogger`)
  - React-RCTAnimation (from `../node_modules/react-native/Libraries/NativeAnimation`)
  - React-RCTBlob (from `../node_modules/react-native/Libraries/Blob`)
  - React-RCTImage (from `../node_modules/react-native/Libraries/Image`)
  - React-RCTLinking (from `../node_modules/react-native/Libraries/LinkingIOS`)
  - React-RCTNetwork (from `../node_modules/react-native/Libraries/Network`)
  - React-RCTSettings (from `../node_modules/react-native/Libraries/Settings`)
  - React-RCTText (from `../node_modules/react-native/Libraries/Text`)
  - React-runtimeexecutor (from `../node_modules/react-native/ReactCommon/runtimeexecutor`)
  - ReactCommon/turbomodule/core (from `../node_modules/react-native/ReactCommon`)
  - RNBootSplash (from `../node_modules/react-native-bootsplash`)
  - "RNCAsyncStorage (from `../node_modules/@react-native-async-storage/async-storage`)"
  - RNDeviceInfo (from `../node_modules/react-native-device-info`)
  - RNFastImage (from `../node_modules/react-native-fast-image`)
  - RNGestureHandler (from `../node_modules/react-native-gesture-handler`)
  - RNReanimated (from `../node_modules/react-native-reanimated`)
  - RNScreens (from `../node_modules/react-native-screens`)
  - "RNSentry (from `../node_modules/@sentry/react-native`)"
  - RNSVG (from `../node_modules/react-native-svg`)
  - Yoga (from `../node_modules/react-native/ReactCommon/yoga`)

SPEC REPOS:
  https://github.com/bitmovin/cocoapod-specs.git:
    - BitmovinAnalyticsCollector
    - BitmovinPlayer
  trunk:
    - libwebp
    - SDWebImage
    - SDWebImageWebPCoder
    - Sentry

EXTERNAL SOURCES:
  boost:
    :podspec: "../node_modules/react-native/third-party-podspecs/boost.podspec"
  DoubleConversion:
    :podspec: "../node_modules/react-native/third-party-podspecs/DoubleConversion.podspec"
  FBLazyVector:
    :path: "../node_modules/react-native/Libraries/FBLazyVector"
  FBReactNativeSpec:
    :path: "../node_modules/react-native/React/FBReactNativeSpec"
  fmt:
    :podspec: "../node_modules/react-native/third-party-podspecs/fmt.podspec"
  glog:
    :podspec: "../node_modules/react-native/third-party-podspecs/glog.podspec"
  RCT-Folly:
    :podspec: "../node_modules/react-native/third-party-podspecs/RCT-Folly.podspec"
  RCTRequired:
    :path: "../node_modules/react-native/Libraries/RCTRequired"
  RCTTypeSafety:
    :path: "../node_modules/react-native/Libraries/TypeSafety"
  React:
    :path: "../node_modules/react-native/"
  React-callinvoker:
    :path: "../node_modules/react-native/ReactCommon/callinvoker"
  React-Codegen:
    :path: build/generated/ios
  React-Core:
    :path: "../node_modules/react-native/"
  React-CoreModules:
    :path: "../node_modules/react-native/React/CoreModules"
  React-cxxreact:
    :path: "../node_modules/react-native/ReactCommon/cxxreact"
  React-jsi:
    :path: "../node_modules/react-native/ReactCommon/jsi"
  React-jsiexecutor:
    :path: "../node_modules/react-native/ReactCommon/jsiexecutor"
  React-jsinspector:
    :path: "../node_modules/react-native/ReactCommon/jsinspector"
  React-logger:
    :path: "../node_modules/react-native/ReactCommon/logger"
  react-native-flipper:
    :path: "../node_modules/react-native-flipper"
  react-native-safe-area-context:
    :path: "../node_modules/react-native-safe-area-context"
  React-perflogger:
    :path: "../node_modules/react-native/ReactCommon/reactperflogger"
  React-RCTAnimation:
    :path: "../node_modules/react-native/Libraries/NativeAnimation"
  React-RCTBlob:
    :path: "../node_modules/react-native/Libraries/Blob"
  React-RCTImage:
    :path: "../node_modules/react-native/Libraries/Image"
  React-RCTLinking:
    :path: "../node_modules/react-native/Libraries/LinkingIOS"
  React-RCTNetwork:
    :path: "../node_modules/react-native/Libraries/Network"
  React-RCTSettings:
    :path: "../node_modules/react-native/Libraries/Settings"
  React-RCTText:
    :path: "../node_modules/react-native/Libraries/Text"
  React-runtimeexecutor:
    :path: "../node_modules/react-native/ReactCommon/runtimeexecutor"
  ReactCommon:
    :path: "../node_modules/react-native/ReactCommon"
  RNBootSplash:
    :path: "../node_modules/react-native-bootsplash"
  RNCAsyncStorage:
    :path: "../node_modules/@react-native-async-storage/async-storage"
  RNDeviceInfo:
    :path: "../node_modules/react-native-device-info"
  RNFastImage:
    :path: "../node_modules/react-native-fast-image"
  RNGestureHandler:
    :path: "../node_modules/react-native-gesture-handler"
  RNReanimated:
    :path: "../node_modules/react-native-reanimated"
  RNScreens:
    :path: "../node_modules/react-native-screens"
  RNSentry:
    :path: "../node_modules/@sentry/react-native"
  RNSVG:
    :path: "../node_modules/react-native-svg"
  Yoga:
    :path: "../node_modules/react-native/ReactCommon/yoga"

SPEC CHECKSUMS:
  BitmovinAnalyticsCollector: 772af708cdcffced698cf42e5ca94d38566c4041
  BitmovinPlayer: 8708fc071172163fa8ac76b5dc1ac51574544f32
  boost: a7c83b31436843459a1961bfd74b96033dc77234
  DoubleConversion: 1d2f3470dfd56717030d0855f8332361bbd85236
  FBLazyVector: cb35d3a811d72a49fb65cc30913dd2207d2e0fa5
  FBReactNativeSpec: fd83843a61bee2769e87207c1d36ef2ba4a855ec
  fmt: 135c0c55547979f715b56dfa54037ececa96d07a
  glog: 5b768715ae7bf8149e9d269089c22585cee27eb7
  libwebp: f62cb61d0a484ba548448a4bd52aabf150ff6eef
  RCT-Folly: 5b616707d7d51519bd8d59b3e11f15df58f54df7
  RCTRequired: b9eebdac3372ba884d150ce17028e0dc6f5002d0
  RCTTypeSafety: 7a3f027f6ac302c5b37e0fd953d977ed1c570547
  React: 8c4c8562b07b77400a3c1e5db8898be073e52147
  React-callinvoker: 0b9bb44b58791de370c87dcbcb1458079ccd025d
  React-Codegen: 467d7d9c1f17a5339fc4abc3c3ca0768ae1b4cdc
  React-Core: ef5e4d8fc3f7579c56f83b54f66eeede9f2886c3
  React-CoreModules: 75be7b674497c2b6e4d4ec5f48746f2165eb8de4
  React-cxxreact: c77814d50e739efd458460b03ec85e46bd3d0a63
  React-jsi: 46cb368353528120d85bad86684edf4757e03ec5
  React-jsiexecutor: f7810c09cdd56ff295d28089ef18865e939f3dde
  React-jsinspector: e6127a96eb6d840b48005d2677b74a7541c2a211
  React-logger: 6ea01a4d6bf315075bd6331686be919c13dcee23
  react-native-flipper: 839f62f0b7cd1c28088030b0b04b72d0f88d5d85
  react-native-safe-area-context: 99b24a0c5acd0d5dcac2b1a7f18c49ea317be99a
  React-perflogger: bf09b8d9db3655e3ef07392a11a6a9020771deb5
  React-RCTAnimation: 85b821ec9db8ed98f947083ae5d290a9f8e1b304
  React-RCTBlob: aa260d5f22028d8547014df9f43fb85fbf117dad
  React-RCTImage: 69252968407a6ab26d36efa9b33b6d193c225819
  React-RCTLinking: 5fc8cd205a5d572927e088c2c2b1e123048427f2
  React-RCTNetwork: c54abcb4c4478c9c6c6922d3290eead9ccb0fd2c
  React-RCTSettings: 4184eba34afad819ef1007ff458535d0118607d5
  React-RCTText: 4fe3d5e524a092a602db7e7e61f5ee2273006c76
  React-runtimeexecutor: 869e42637666e7df0fac1a365ff3525b7625c5a3
  ReactCommon: 7ab7a2a8881d6979f41b1969b0d56f53460fb272
  RNBootSplash: 5f346163977573d6b2aeba1b25df9d2245c0d73c
  RNCAsyncStorage: 0c357f3156fcb16c8589ede67cc036330b6698ca
  RNDeviceInfo: 4701f0bf2a06b34654745053db0ce4cb0c53ada7
  RNFastImage: 5c9c9fed9c076e521b3f509fe79e790418a544e8
  RNGestureHandler: 62232ba8f562f7dea5ba1b3383494eb5bf97a4d3
  RNReanimated: 9bbb5e2a4dcf3b631e43b34432d1bffbe9a39141
  RNScreens: 34cc502acf1b916c582c60003dc3089fa01dc66d
  RNSentry: db7fd7b66efda28885e4e904a8b5e7349aec61c1
  RNSVG: ecd661f380a07ba690c9c5929c475a44f432d674
  SDWebImage: a7f831e1a65eb5e285e3fb046a23fcfbf08e696d
  SDWebImageWebPCoder: 908b83b6adda48effe7667cd2b7f78c897e5111d
  Sentry: 4272663eb0eda312024d795ca3f5a562a8ce5e18
  Yoga: d0d56408fe7e1c91ffdbc0edaf2a84074ea8257f

PODFILE CHECKSUM: 1df338a1d6d6082d94877972a6b0ce3810fea629

COCOAPODS: 1.11.3
